
Microsoft Visual Studio Solution File, Format Version 12.00
# Visual Studio 2012
Project("{8BC9CEB8-8B4A-11D0-8D11-00A0C91BC942}") = "vlib", "vlib\vlib.vcxproj", "{D24FF130-4764-47B5-9506-E7149A1A8F56}"
EndProject
Global
	GlobalSection(SolutionConfigurationPlatforms) = preSolution
		Debug|Win32 = Debug|Win32
		Release|Win32 = Release|Win32
	EndGlobalSection
	GlobalSection(ProjectConfigurationPlatforms) = postSolution
		{D24FF130-4764-47B5-9506-E7149A1A8F56}.Debug|Win32.ActiveCfg = Debug|Win32
		{D24FF130-4764-47B5-9506-E7149A1A8F56}.Debug|Win32.Build.0 = Debug|Win32
		{D24FF130-4764-47B5-9506-E7149A1A8F56}.Release|Win32.ActiveCfg = Release|Win32
		{D24FF130-4764-47B5-9506-E7149A1A8F56}.Release|Win32.Build.0 = Release|Win32
	EndGlobalSection
	GlobalSection(SolutionProperties) = preSolution
		HideSolutionNode = FALSE
	EndGlobalSection
EndGlobal
